
Microsoft Visual Studio Solution File, Format Version 12.00
# Visual Studio Version 17
VisualStudioVersion = 17.14.37012.4 d17.14
MinimumVisualStudioVersion = 10.0.40219.1
Project("{FAE04EC0-301F-11D3-BF4B-00C04F79EFBC}") = "Survey Basket", "Survey Basket.csproj", "{428E2299-304F-4BFB-9942-DC3653E4D67A}"
EndProject
Global
	GlobalSection(SolutionConfigurationPlatforms) = preSolution
		Debug|Any CPU = Debug|Any CPU
		Release|Any CPU = Release|Any CPU
	EndGlobalSection
	GlobalSection(ProjectConfigurationPlatforms) = postSolution
		{428E2299-304F-4BFB-9942-DC3653E4D67A}.Debug|Any CPU.ActiveCfg = Debug|Any CPU
		{428E2299-304F-4BFB-9942-DC3653E4D67A}.Debug|Any CPU.Build.0 = Debug|Any CPU
		{428E2299-304F-4BFB-9942-DC3653E4D67A}.Release|Any CPU.ActiveCfg = Release|Any CPU
		{428E2299-304F-4BFB-9942-DC3653E4D67A}.Release|Any CPU.Build.0 = Release|Any CPU
	EndGlobalSection
	GlobalSection(SolutionProperties) = preSolution
		HideSolutionNode = FALSE
	EndGlobalSection
	GlobalSection(ExtensibilityGlobals) = postSolution
		SolutionGuid = {9A63F14A-9F42-4FB2-8C2C-4FAB8A9E3BF7}
	EndGlobalSection
EndGlobal
